speakeasyVersion: 1.517.0
sources:
    FastAPI:
        sourceNamespace: fast-api
        sourceRevisionDigest: sha256:151419a4b6bd369755164c36a388a4eb2b1d380eba603e736a02c2cdb6c40fbc
        sourceBlobDigest: sha256:37e57be91658b6db30cebe1d1bf879f77c9219d13b755cdea9950c4aa2c74ccb
        tags:
            - latest
            - speakeasy-sdk-regen-1741784370
            - 0.1.0
targets:
    flux0:
        source: FastAPI
        sourceNamespace: fast-api
        sourceRevisionDigest: sha256:151419a4b6bd369755164c36a388a4eb2b1d380eba603e736a02c2cdb6c40fbc
        sourceBlobDigest: sha256:37e57be91658b6db30cebe1d1bf879f77c9219d13b755cdea9950c4aa2c74ccb
        codeSamplesNamespace: fast-api-code-samples
        codeSamplesRevisionDigest: sha256:ee7a8afe38903943813b409ade8851d507673876c834e89b33c7c8699141c329
workflow:
    workflowVersion: 1.0.0
    speakeasyVersion: latest
    sources:
        FastAPI:
            inputs:
                - location: https://raw.githubusercontent.com/flux0-ai/flux0-api-spec/refs/heads/main/openapi.json
            registry:
                location: registry.speakeasyapi.dev/flux0/flux0-python/fast-api
    targets:
        flux0:
            target: python
            source: FastAPI
            publish:
                pypi:
                    token: $pypi_token
            codeSamples:
                registry:
                    location: registry.speakeasyapi.dev/flux0/flux0-python/fast-api-code-samples
                labelOverride:
                    fixedValue: Python (SDK)
                blocking: false
